
Microsoft Visual Studio Solution File, Format Version 12.00
# Visual Studio Version 16
VisualStudioVersion = 16.0.31911.196
MinimumVisualStudioVersion = 10.0.40219.1
Project("{9A19103F-16F7-4668-BE54-9A1E7A4F7556}") = "DatingApp", "..\Udemy Project\Auto Mapper\Udemy\DatingApp.csproj", "{F709DDE8-2E0C-4BBC-A357-59116023697A}"
EndProject
Global
	GlobalSection(SolutionConfigurationPlatforms) = preSolution
		Debug|Any CPU = Debug|Any CPU
		Release|Any CPU = Release|Any CPU
	EndGlobalSection
	GlobalSection(ProjectConfigurationPlatforms) = postSolution
		{F709DDE8-2E0C-4BBC-A357-59116023697A}.Debug|Any CPU.ActiveCfg = Debug|Any CPU
		{F709DDE8-2E0C-4BBC-A357-59116023697A}.Debug|Any CPU.Build.0 = Debug|Any CPU
		{F709DDE8-2E0C-4BBC-A357-59116023697A}.Release|Any CPU.ActiveCfg = Release|Any CPU
		{F709DDE8-2E0C-4BBC-A357-59116023697A}.Release|Any CPU.Build.0 = Release|Any CPU
	EndGlobalSection
	GlobalSection(SolutionProperties) = preSolution
		HideSolutionNode = FALSE
	EndGlobalSection
	GlobalSection(ExtensibilityGlobals) = postSolution
		SolutionGuid = {C48CAF32-5BC7-47A5-AEC3-0225B0748553}
	EndGlobalSection
EndGlobal
